
Microsoft Visual Studio Solution File, Format Version 12.00
# Visual Studio Version 17
VisualStudioVersion = 17.10.35027.167
MinimumVisualStudioVersion = 10.0.40219.1
Project("{9A19103F-16F7-4668-BE54-9A1E7A4F7556}") = "01", "01\01.csproj", "{2D99C334-4190-461A-8645-ED2677C94A17}"
EndProject
Project("{9A19103F-16F7-4668-BE54-9A1E7A4F7556}") = "02", "02\02.csproj", "{F1A16230-D70C-4102-BE31-39498F07BAA0}"
EndProject
Project("{FAE04EC0-301F-11D3-BF4B-00C04F79EFBC}") = "03", "03\03.csproj", "{0BFA2B56-741B-49CE-9877-07BFDFB1AB25}"
EndProject
Global
	GlobalSection(SolutionConfigurationPlatforms) = preSolution
		Debug|Any CPU = Debug|Any CPU
		Release|Any CPU = Release|Any CPU
	EndGlobalSection
	GlobalSection(ProjectConfigurationPlatforms) = postSolution
		{2D99C334-4190-461A-8645-ED2677C94A17}.Debug|Any CPU.ActiveCfg = Debug|Any CPU
		{2D99C334-4190-461A-8645-ED2677C94A17}.Debug|Any CPU.Build.0 = Debug|Any CPU
		{2D99C334-4190-461A-8645-ED2677C94A17}.Release|Any CPU.ActiveCfg = Release|Any CPU
		{2D99C334-4190-461A-8645-ED2677C94A17}.Release|Any CPU.Build.0 = Release|Any CPU
		{F1A16230-D70C-4102-BE31-39498F07BAA0}.Debug|Any CPU.ActiveCfg = Debug|Any CPU
		{F1A16230-D70C-4102-BE31-39498F07BAA0}.Debug|Any CPU.Build.0 = Debug|Any CPU
		{F1A16230-D70C-4102-BE31-39498F07BAA0}.Release|Any CPU.ActiveCfg = Release|Any CPU
		{F1A16230-D70C-4102-BE31-39498F07BAA0}.Release|Any CPU.Build.0 = Release|Any CPU
		{0BFA2B56-741B-49CE-9877-07BFDFB1AB25}.Debug|Any CPU.ActiveCfg = Debug|Any CPU
		{0BFA2B56-741B-49CE-9877-07BFDFB1AB25}.Debug|Any CPU.Build.0 = Debug|Any CPU
		{0BFA2B56-741B-49CE-9877-07BFDFB1AB25}.Release|Any CPU.ActiveCfg = Release|Any CPU
		{0BFA2B56-741B-49CE-9877-07BFDFB1AB25}.Release|Any CPU.Build.0 = Release|Any CPU
	EndGlobalSection
	GlobalSection(SolutionProperties) = preSolution
		HideSolutionNode = FALSE
	EndGlobalSection
	GlobalSection(ExtensibilityGlobals) = postSolution
		SolutionGuid = {3AAD74DA-867E-4C65-80CD-D02D30DB3DE8}
	EndGlobalSection
EndGlobal
